
Microsoft Visual Studio Solution File, Format Version 12.00
# Visual Studio Version 17
VisualStudioVersion = 17.10.34928.147
MinimumVisualStudioVersion = 10.0.40219.1
Project("{FAE04EC0-301F-11D3-BF4B-00C04F79EFBC}") = "2024wk39", "2024wk39.csproj", "{3BA1422B-F3AC-4D42-986F-B87A592AFC38}"
EndProject
Global
	GlobalSection(SolutionConfigurationPlatforms) = preSolution
		Debug|Any CPU = Debug|Any CPU
		Release|Any CPU = Release|Any CPU
	EndGlobalSection
	GlobalSection(ProjectConfigurationPlatforms) = postSolution
		{3BA1422B-F3AC-4D42-986F-B87A592AFC38}.Debug|Any CPU.ActiveCfg = Debug|Any CPU
		{3BA1422B-F3AC-4D42-986F-B87A592AFC38}.Debug|Any CPU.Build.0 = Debug|Any CPU
		{3BA1422B-F3AC-4D42-986F-B87A592AFC38}.Release|Any CPU.ActiveCfg = Release|Any CPU
		{3BA1422B-F3AC-4D42-986F-B87A592AFC38}.Release|Any CPU.Build.0 = Release|Any CPU
	EndGlobalSection
	GlobalSection(SolutionProperties) = preSolution
		HideSolutionNode = FALSE
	EndGlobalSection
	GlobalSection(ExtensibilityGlobals) = postSolution
		SolutionGuid = {2D581E1B-1E9E-47C2-926D-9ADC6FDA3F73}
	EndGlobalSection
EndGlobal
